
Microsoft Visual Studio Solution File, Format Version 12.00
# Visual Studio Version 16
VisualStudioVersion = 16.0.32106.194
MinimumVisualStudioVersion = 10.0.40219.1
Project("{FAE04EC0-301F-11D3-BF4B-00C04F79EFBC}") = "pruebatecnica", "pruebatecnica\pruebatecnica.csproj", "{C20009F5-8091-40FE-87DD-3CB90F562485}"
EndProject
Global
	GlobalSection(SolutionConfigurationPlatforms) = preSolution
		Debug|Any CPU = Debug|Any CPU
		Release|Any CPU = Release|Any CPU
	EndGlobalSection
	GlobalSection(ProjectConfigurationPlatforms) = postSolution
		{C20009F5-8091-40FE-87DD-3CB90F562485}.Debug|Any CPU.ActiveCfg = Debug|Any CPU
		{C20009F5-8091-40FE-87DD-3CB90F562485}.Debug|Any CPU.Build.0 = Debug|Any CPU
		{C20009F5-8091-40FE-87DD-3CB90F562485}.Release|Any CPU.ActiveCfg = Release|Any CPU
		{C20009F5-8091-40FE-87DD-3CB90F562485}.Release|Any CPU.Build.0 = Release|Any CPU
	EndGlobalSection
	GlobalSection(SolutionProperties) = preSolution
		HideSolutionNode = FALSE
	EndGlobalSection
	GlobalSection(ExtensibilityGlobals) = postSolution
		SolutionGuid = {F486E6D6-30DF-4904-AF65-832C0E17CF72}
	EndGlobalSection
EndGlobal
